
Microsoft Visual Studio Solution File, Format Version 10.00
# Visual Studio 2008
Project("{8BC9CEB8-8B4A-11D0-8D11-00A0C91BC942}") = "dotoplt", "openglExample.vcproj", "{2480F37C-E8F9-4C24-A62A-5777479F5B02}"
EndProject
Global
	GlobalSection(SolutionConfigurationPlatforms) = preSolution
		Debug|Win32 = Debug|Win32
		Release|Win32 = Release|Win32
	EndGlobalSection
	GlobalSection(ProjectConfigurationPlatforms) = postSolution
		{2480F37C-E8F9-4C24-A62A-5777479F5B02}.Debug|Win32.ActiveCfg = Debug|Win32
		{2480F37C-E8F9-4C24-A62A-5777479F5B02}.Debug|Win32.Build.0 = Debug|Win32
		{2480F37C-E8F9-4C24-A62A-5777479F5B02}.Release|Win32.ActiveCfg = Release|Win32
		{2480F37C-E8F9-4C24-A62A-5777479F5B02}.Release|Win32.Build.0 = Release|Win32
	EndGlobalSection
	GlobalSection(SolutionProperties) = preSolution
		HideSolutionNode = FALSE
	EndGlobalSection
EndGlobal
